
Microsoft Visual Studio Solution File, Format Version 12.00
# Visual Studio Version 17
VisualStudioVersion = 17.8.34601.278
MinimumVisualStudioVersion = 10.0.40219.1
Project("{9A19103F-16F7-4668-BE54-9A1E7A4F7556}") = "Wpf.ProgressReportReader", "..\..\ArashCmsSolution\Wpf\Wpf.ProgressReportReader\Wpf.ProgressReportReader.csproj", "{5906DE5D-F804-47BD-ADB5-C58C928C50F8}"
EndProject
Global
	GlobalSection(SolutionConfigurationPlatforms) = preSolution
		Debug|Any CPU = Debug|Any CPU
		Release|Any CPU = Release|Any CPU
	EndGlobalSection
	GlobalSection(ProjectConfigurationPlatforms) = postSolution
		{5906DE5D-F804-47BD-ADB5-C58C928C50F8}.Debug|Any CPU.ActiveCfg = Debug|Any CPU
		{5906DE5D-F804-47BD-ADB5-C58C928C50F8}.Debug|Any CPU.Build.0 = Debug|Any CPU
		{5906DE5D-F804-47BD-ADB5-C58C928C50F8}.Release|Any CPU.ActiveCfg = Release|Any CPU
		{5906DE5D-F804-47BD-ADB5-C58C928C50F8}.Release|Any CPU.Build.0 = Release|Any CPU
	EndGlobalSection
	GlobalSection(SolutionProperties) = preSolution
		HideSolutionNode = FALSE
	EndGlobalSection
	GlobalSection(ExtensibilityGlobals) = postSolution
		SolutionGuid = {2926F29F-3A9C-46CE-B4AA-C097542F0CC9}
	EndGlobalSection
EndGlobal
