
Microsoft Visual Studio Solution File, Format Version 12.00
# Visual Studio Version 17
VisualStudioVersion = 17.2.32630.192
MinimumVisualStudioVersion = 10.0.40219.1
Project("{9A19103F-16F7-4668-BE54-9A1E7A4F7556}") = "VM.Teniaco", "..\ArashCmsSolution\VM\VM.Teniaco\VM.Teniaco.csproj", "{FC9168FE-FEB2-48AE-9279-17788B808B46}"
EndProject
Project("{9A19103F-16F7-4668-BE54-9A1E7A4F7556}") = "VM.Public", "..\ArashCmsSolution\VM\VM.Public\VM.Public.csproj", "{39271F06-0928-4B75-81E3-B0885B28F7F2}"
EndProject
Project("{9A19103F-16F7-4668-BE54-9A1E7A4F7556}") = "VM.Automation", "..\ArashCmsSolution\VM\VM.Automation\VM.Automation.csproj", "{A03FC75D-1F11-4DE4-A954-0ACD66CEB0E7}"
EndProject
Project("{9A19103F-16F7-4668-BE54-9A1E7A4F7556}") = "VM.Projects", "..\ArashCmsSolution\VM\VM.Projects\VM.Projects.csproj", "{0B1CED83-8500-4312-A0D5-44E99678BAE6}"
EndProject
Project("{9A19103F-16F7-4668-BE54-9A1E7A4F7556}") = "VM.Melkavan", "..\ArashCmsSolution\VM\VM.Melkavan\VM.Melkavan.csproj", "{F546D09D-2C83-4492-AC32-810AC641492C}"
EndProject
Project("{FAE04EC0-301F-11D3-BF4B-00C04F79EFBC}") = "VM.TelegramBot", "..\ArashCmsSolution\VM\VM.TelegramBot\VM.TelegramBot.csproj", "{27FC7E10-7C37-4527-9860-65F25739D43D}"
EndProject
Global
	GlobalSection(SolutionConfigurationPlatforms) = preSolution
		Debug|Any CPU = Debug|Any CPU
		Release|Any CPU = Release|Any CPU
	EndGlobalSection
	GlobalSection(ProjectConfigurationPlatforms) = postSolution
		{FC9168FE-FEB2-48AE-9279-17788B808B46}.Debug|Any CPU.ActiveCfg = Debug|Any CPU
		{FC9168FE-FEB2-48AE-9279-17788B808B46}.Debug|Any CPU.Build.0 = Debug|Any CPU
		{FC9168FE-FEB2-48AE-9279-17788B808B46}.Release|Any CPU.ActiveCfg = Release|Any CPU
		{FC9168FE-FEB2-48AE-9279-17788B808B46}.Release|Any CPU.Build.0 = Release|Any CPU
		{39271F06-0928-4B75-81E3-B0885B28F7F2}.Debug|Any CPU.ActiveCfg = Debug|Any CPU
		{39271F06-0928-4B75-81E3-B0885B28F7F2}.Debug|Any CPU.Build.0 = Debug|Any CPU
		{39271F06-0928-4B75-81E3-B0885B28F7F2}.Release|Any CPU.ActiveCfg = Release|Any CPU
		{39271F06-0928-4B75-81E3-B0885B28F7F2}.Release|Any CPU.Build.0 = Release|Any CPU
		{A03FC75D-1F11-4DE4-A954-0ACD66CEB0E7}.Debug|Any CPU.ActiveCfg = Debug|Any CPU
		{A03FC75D-1F11-4DE4-A954-0ACD66CEB0E7}.Debug|Any CPU.Build.0 = Debug|Any CPU
		{A03FC75D-1F11-4DE4-A954-0ACD66CEB0E7}.Release|Any CPU.ActiveCfg = Release|Any CPU
		{A03FC75D-1F11-4DE4-A954-0ACD66CEB0E7}.Release|Any CPU.Build.0 = Release|Any CPU
		{0B1CED83-8500-4312-A0D5-44E99678BAE6}.Debug|Any CPU.ActiveCfg = Debug|Any CPU
		{0B1CED83-8500-4312-A0D5-44E99678BAE6}.Debug|Any CPU.Build.0 = Debug|Any CPU
		{0B1CED83-8500-4312-A0D5-44E99678BAE6}.Release|Any CPU.ActiveCfg = Release|Any CPU
		{0B1CED83-8500-4312-A0D5-44E99678BAE6}.Release|Any CPU.Build.0 = Release|Any CPU
		{F546D09D-2C83-4492-AC32-810AC641492C}.Debug|Any CPU.ActiveCfg = Debug|Any CPU
		{F546D09D-2C83-4492-AC32-810AC641492C}.Debug|Any CPU.Build.0 = Debug|Any CPU
		{F546D09D-2C83-4492-AC32-810AC641492C}.Release|Any CPU.ActiveCfg = Release|Any CPU
		{F546D09D-2C83-4492-AC32-810AC641492C}.Release|Any CPU.Build.0 = Release|Any CPU
		{27FC7E10-7C37-4527-9860-65F25739D43D}.Debug|Any CPU.ActiveCfg = Debug|Any CPU
		{27FC7E10-7C37-4527-9860-65F25739D43D}.Debug|Any CPU.Build.0 = Debug|Any CPU
		{27FC7E10-7C37-4527-9860-65F25739D43D}.Release|Any CPU.ActiveCfg = Release|Any CPU
		{27FC7E10-7C37-4527-9860-65F25739D43D}.Release|Any CPU.Build.0 = Release|Any CPU
	EndGlobalSection
	GlobalSection(SolutionProperties) = preSolution
		HideSolutionNode = FALSE
	EndGlobalSection
	GlobalSection(ExtensibilityGlobals) = postSolution
		SolutionGuid = {2994313D-5CE4-4B0E-8179-0DE930CE5DF6}
	EndGlobalSection
EndGlobal
